
Microsoft Visual Studio Solution File, Format Version 12.00
# Visual Studio Version 17
VisualStudioVersion = 17.11.35327.3
MinimumVisualStudioVersion = 10.0.40219.1
Project("{FAE04EC0-301F-11D3-BF4B-00C04F79EFBC}") = "CalculatorApp", "CalculatorApp\CalculatorApp.csproj", "{17DD093E-653D-49AB-96B2-BC44514E5128}"
EndProject
Global
	GlobalSection(SolutionConfigurationPlatforms) = preSolution
		Debug|Any CPU = Debug|Any CPU
		Release|Any CPU = Release|Any CPU
	EndGlobalSection
	GlobalSection(ProjectConfigurationPlatforms) = postSolution
		{17DD093E-653D-49AB-96B2-BC44514E5128}.Debug|Any CPU.ActiveCfg = Debug|Any CPU
		{17DD093E-653D-49AB-96B2-BC44514E5128}.Debug|Any CPU.Build.0 = Debug|Any CPU
		{17DD093E-653D-49AB-96B2-BC44514E5128}.Release|Any CPU.ActiveCfg = Release|Any CPU
		{17DD093E-653D-49AB-96B2-BC44514E5128}.Release|Any CPU.Build.0 = Release|Any CPU
	EndGlobalSection
	GlobalSection(SolutionProperties) = preSolution
		HideSolutionNode = FALSE
	EndGlobalSection
	GlobalSection(ExtensibilityGlobals) = postSolution
		SolutionGuid = {356A645A-E42C-41CE-A2F3-6739F0DABE73}
	EndGlobalSection
EndGlobal
